
Microsoft Visual Studio Solution File, Format Version 12.00
Project("{FAE04EC0-301F-11D3-BF4B-00C04F79EFBC}") = "tdd-character-stateMachine-practice", "tdd-character-stateMachine-practice\tdd-character-stateMachine-practice.csproj", "{DB10BE05-1AEC-4AEA-BB06-25B21FDF5518}"
EndProject
Global
	GlobalSection(SolutionConfigurationPlatforms) = preSolution
		Debug|Any CPU = Debug|Any CPU
		Release|Any CPU = Release|Any CPU
	EndGlobalSection
	GlobalSection(ProjectConfigurationPlatforms) = postSolution
		{DB10BE05-1AEC-4AEA-BB06-25B21FDF5518}.Debug|Any CPU.ActiveCfg = Debug|Any CPU
		{DB10BE05-1AEC-4AEA-BB06-25B21FDF5518}.Debug|Any CPU.Build.0 = Debug|Any CPU
		{DB10BE05-1AEC-4AEA-BB06-25B21FDF5518}.Release|Any CPU.ActiveCfg = Release|Any CPU
		{DB10BE05-1AEC-4AEA-BB06-25B21FDF5518}.Release|Any CPU.Build.0 = Release|Any CPU
	EndGlobalSection
EndGlobal
